
Microsoft Visual Studio Solution File, Format Version 12.00
# Visual Studio Version 17
VisualStudioVersion = 17.2.32630.192
MinimumVisualStudioVersion = 10.0.40219.1
Project("{FAE04EC0-301F-11D3-BF4B-00C04F79EFBC}") = "ConsoleApp1", "ConsoleApp1\ConsoleApp1.csproj", "{F5A599F1-BAEF-43A0-BC35-3A9259F912CF}"
EndProject
Global
	GlobalSection(SolutionConfigurationPlatforms) = preSolution
		Debug|Any CPU = Debug|Any CPU
		Release|Any CPU = Release|Any CPU
	EndGlobalSection
	GlobalSection(ProjectConfigurationPlatforms) = postSolution
		{F5A599F1-BAEF-43A0-BC35-3A9259F912CF}.Debug|Any CPU.ActiveCfg = Debug|Any CPU
		{F5A599F1-BAEF-43A0-BC35-3A9259F912CF}.Debug|Any CPU.Build.0 = Debug|Any CPU
		{F5A599F1-BAEF-43A0-BC35-3A9259F912CF}.Release|Any CPU.ActiveCfg = Release|Any CPU
		{F5A599F1-BAEF-43A0-BC35-3A9259F912CF}.Release|Any CPU.Build.0 = Release|Any CPU
	EndGlobalSection
	GlobalSection(SolutionProperties) = preSolution
		HideSolutionNode = FALSE
	EndGlobalSection
	GlobalSection(ExtensibilityGlobals) = postSolution
		SolutionGuid = {67B61E08-7F6C-482C-937E-9E0F51F1F7E3}
	EndGlobalSection
EndGlobal
